<?xml version="1.0" encoding="utf-8"?>
<Project ToolsVersion="4.0" xmlns="http://schemas.microsoft.com/developer/msbuild/2003">
  <ItemGroup>
    <ClCompile Include="lib\imgui\imgui.cpp" />
    <ClCompile Include="lib\imgui\imgui_demo.cpp" />
    <ClCompile Include="lib\imgui\imgui_draw.cpp" />
    <ClCompile Include="lib\imgui\imgui_impl_glfw.cpp" />
    <ClCompile Include="lib\imgui\imgui_impl_opengl3.cpp" />
    <ClCompile Include="lib\imgui\imgui_tables.cpp" />
    <ClCompile Include="lib\imgui\imgui_widgets.cpp" />
    <ClCompile Include="src\yougine\components\DebugComponent.cpp" />
    <ClCompile Include="src\yougine\Projects\Project.cpp" />
    <ClCompile Include="src\yougine\Editor\ComponentViewer.cpp" />
    <ClCompile Include="src\yougine\Editor\InspectorWindow.cpp" />
    <ClCompile Include="src\yougine\Editor\ProjectWindows\ProjectWindow.cpp" />
    <ClCompile Include="src\yougine\Editor\SceneWindow.cpp" />
    <ClCompile Include="src\yougine\components\RenderComponent.cpp" />
    <ClCompile Include="src\yougine\Editor\SelectionInfo.cpp" />
    <ClCompile Include="src\yougine\Layer.cpp" />
    <ClCompile Include="src\yougine\managers\GameManager.cpp" />
    <ClCompile Include="src\yougine\managers\RenderManager.cpp" />
    <ClCompile Include="src\yougine\components\Component.cpp" />
    <ClCompile Include="src\yougine\Editor\EditorWindow.cpp" />
    <ClCompile Include="src\yougine\Editor\EditorWindowsManager.cpp" />
    <ClCompile Include="src\yougine\Editor\HierarchyWindow.cpp" />
    <ClCompile Include="src\yougine\InputManager.cpp" />
    <ClCompile Include="src\yougine\managers\ComponentList.cpp" />
    <ClCompile Include="src\yougine\managers\CustomScriptManager.cpp" />
    <ClCompile Include="src\yougine\GameObject.cpp" />
    <ClCompile Include="src\yougine\Scene.cpp" />
    <ClCompile Include="src\yougine\components\TransformComponent.cpp" />
    <ClCompile Include="src\yougine\SceneFiles\SceneFileExporter.cpp" />
    <ClCompile Include="src\yougine\SceneExport_tamesiMain.cpp" />
    <ClCompile Include="src\yougine\utilitys\Split.cpp" />
    <ClCompile Include="src\yougine\component_factory\ComponentFactory.cpp" />
    <ClCompile Include="lib\imgui\imgui.cpp" />
    <ClCompile Include="lib\imgui\imgui_demo.cpp" />
    <ClCompile Include="lib\imgui\imgui_draw.cpp" />
    <ClCompile Include="lib\imgui\imgui_impl_glfw.cpp" />
    <ClCompile Include="lib\imgui\imgui_impl_opengl3.cpp" />
    <ClCompile Include="lib\imgui\imgui_tables.cpp" />
    <ClCompile Include="lib\imgui\imgui_widgets.cpp" />
    <ClCompile Include="src\yougine\components\DebugComponent.cpp" />
    <ClCompile Include="src\yougine\Projects\Project.cpp" />
    <ClCompile Include="src\yougine\Editor\ComponentViewer.cpp" />
    <ClCompile Include="src\yougine\Editor\InspectorWindow.cpp" />
    <ClCompile Include="src\yougine\Editor\ProjectWindows\ProjectWindow.cpp" />
    <ClCompile Include="src\yougine\Editor\SceneWindow.cpp" />
    <ClCompile Include="src\yougine\components\RenderComponent.cpp" />
    <ClCompile Include="src\yougine\Editor\SelectionInfo.cpp" />
    <ClCompile Include="src\yougine\Layer.cpp" />
    <ClCompile Include="src\yougine\managers\GameManager.cpp" />
    <ClCompile Include="src\yougine\managers\RenderManager.cpp" />
    <ClCompile Include="src\yougine\components\Component.cpp" />
    <ClCompile Include="src\yougine\Editor\EditorWindow.cpp" />
    <ClCompile Include="src\yougine\Editor\EditorWindowsManager.cpp" />
    <ClCompile Include="src\yougine\Editor\HierarchyWindow.cpp" />
    <ClCompile Include="src\yougine\InputManager.cpp" />
    <ClCompile Include="src\yougine\managers\ComponentList.cpp" />
    <ClCompile Include="src\yougine\managers\CustomScriptManager.cpp" />
    <ClCompile Include="src\yougine\GameObject.cpp" />
    <ClCompile Include="src\yougine\Scene.cpp" />
    <ClCompile Include="src\yougine\components\TransformComponent.cpp" />
    <ClCompile Include="src\yougine\utilitys\Split.cpp" />
    <ClCompile Include="src\yougine\SceneFiles\SceneLoader.cpp" />
    <ClCompile Include="src\yougine\SceneLoader_testMain.cpp" />
    <ClCompile Include="src\yougine\BuildScript\Builder.cpp" />
    <ClCompile Include="src\yougine\Editor\MenuBar.cpp" />
    <ClCompile Include="lib\imnodes\imnodes.cpp" />
  </ItemGroup>
  <ItemGroup>
    <ClCompile Include="src\yougine\components\Component.cpp">
      <Filter>ソース ファイル\src\yougine\components</Filter>
    </ClCompile>
    <ClCompile Include="src\yougine\managers\ComponentList.cpp">
      <Filter>ソース ファイル\src\yougine\managers</Filter>
    </ClCompile>
    <ClCompile Include="src\yougine\managers\CustomScriptManager.cpp">
      <Filter>ソース ファイル\src\yougine\managers</Filter>
    </ClCompile>
    <ClCompile Include="src\yougine\GameObject.cpp">
      <Filter>ソース ファイル\src\yougine</Filter>
    </ClCompile>
    <ClCompile Include="src\yougine\Scene.cpp">
      <Filter>ソース ファイル\src\yougine</Filter>
    </ClCompile>
    <ClCompile Include="lib\imgui\imgui.cpp">
      <Filter>ソース ファイル\lib\imgui</Filter>
    </ClCompile>
    <ClCompile Include="lib\imgui\imgui_demo.cpp">
      <Filter>ソース ファイル\lib\imgui</Filter>
    </ClCompile>
    <ClCompile Include="lib\imgui\imgui_draw.cpp">
      <Filter>ソース ファイル\lib\imgui</Filter>
    </ClCompile>
    <ClCompile Include="lib\imgui\imgui_impl_glfw.cpp">
      <Filter>ソース ファイル\lib\imgui</Filter>
    </ClCompile>
    <ClCompile Include="lib\imgui\imgui_impl_opengl3.cpp">
      <Filter>ソース ファイル\lib\imgui</Filter>
    </ClCompile>
    <ClCompile Include="lib\imgui\imgui_tables.cpp">
      <Filter>ソース ファイル\lib\imgui</Filter>
    </ClCompile>
    <ClCompile Include="lib\imgui\imgui_widgets.cpp">
      <Filter>ソース ファイル\lib\imgui</Filter>
    </ClCompile>
    <ClCompile Include="src\yougine\Editor\HierarchyWindow.cpp">
      <Filter>ソース ファイル\src\yougine\Editor</Filter>
    </ClCompile>
    <ClCompile Include="src\yougine\Editor\EditorWindow.cpp">
      <Filter>ソース ファイル\src\yougine\Editor</Filter>
    </ClCompile>
    <ClCompile Include="src\yougine\Editor\EditorWindowsManager.cpp">
      <Filter>ソース ファイル\src\yougine\Editor</Filter>
    </ClCompile>
    <ClCompile Include="src\yougine\components\TransformComponent.cpp">
      <Filter>ソース ファイル\src\yougine\components</Filter>
    </ClCompile>
    <ClCompile Include="src\yougine\InputManager.cpp">
      <Filter>ソース ファイル\src\yougine</Filter>
    </ClCompile>
    <ClCompile Include="src\yougine\main.cpp">
      <Filter>ソース ファイル\src\yougine</Filter>
    </ClCompile>
    <ClCompile Include="src\yougine\components\TransformComponent.cpp">
      <Filter>ソース ファイル\src\yougine\components</Filter>
    </ClCompile>
    <ClCompile Include="src\yougine\components\RenderComponent.cpp">
      <Filter>ソース ファイル\src\yougine\components</Filter>
    </ClCompile>
    <ClCompile Include="src\yougine\managers\RenderManager.cpp">
      <Filter>ソース ファイル\src\yougine\managers</Filter>
    </ClCompile>
    <ClCompile Include="src\yougine\Editor\SceneWindow.cpp">
      <Filter>ソース ファイル\src\yougine\Editor</Filter>
    </ClCompile>
    <ClCompile Include="src\yougine\Editor\InspectorWindow.cpp">
      <Filter>ソース ファイル</Filter>
    </ClCompile>
    <ClCompile Include="src\yougine\Editor\SelectionInfo.cpp">
      <Filter>ソース ファイル</Filter>
    </ClCompile>
    <ClCompile Include="src\yougine\Layer.cpp">
      <Filter>ソース ファイル</Filter>
    </ClCompile>
    <ClCompile Include="src\yougine\Editor\ComponentViewer.cpp">
      <Filter>ソース ファイル</Filter>
    </ClCompile>
    <ClCompile Include="src\yougine\managers\GameManager.cpp">
      <Filter>ソース ファイル</Filter>
    </ClCompile>
    <ClCompile Include="src\yougine\Editor\ProjectWindows\ProjectWindow.cpp">
      <Filter>ソース ファイル</Filter>
    </ClCompile>
    <ClCompile Include="src\yougine\Projects\Project.cpp">
      <Filter>ソース ファイル</Filter>
    </ClCompile>
    <ClCompile Include="src\yougine\components\RigidBodyComponent.cpp">
      <Filter>ソース ファイル\src\yougine\components</Filter>
    </ClCompile>
    <ClCompile Include="src\yougine\managers\RigidBodyManager.cpp">
      <Filter>ソース ファイル\src\yougine\managers</Filter>
    </ClCompile>
  </ItemGroup>
  <ItemGroup>
    <ClInclude Include="src\yougine\components\Component.h">
      <Filter>ヘッダー ファイル\src\yougine\components</Filter>
    </ClInclude>
    <ClInclude Include="src\yougine\managers\ComponentList.h">
      <Filter>ヘッダー ファイル\src\yougine\managers</Filter>
    </ClInclude>
    <ClInclude Include="src\yougine\managers\ComponentName.h">
      <Filter>ヘッダー ファイル\src\yougine\managers</Filter>
    </ClInclude>
    <ClInclude Include="src\yougine\managers\CustomScriptManager.h">
      <Filter>ヘッダー ファイル\src\yougine\managers</Filter>
    </ClInclude>
    <ClInclude Include="src\yougine\GameObject.h">
      <Filter>ヘッダー ファイル\src\yougine</Filter>
    </ClInclude>
    <ClInclude Include="src\yougine\Scene.h">
      <Filter>ヘッダー ファイル\src\yougine</Filter>
    </ClInclude>
    <ClInclude Include="lib\imgui\imconfig.h">
      <Filter>ヘッダー ファイル\lib\imgui</Filter>
    </ClInclude>
    <ClInclude Include="lib\imgui\imgui.h">
      <Filter>ヘッダー ファイル\lib\imgui</Filter>
    </ClInclude>
    <ClInclude Include="lib\imgui\imgui_impl_glfw.h">
      <Filter>ヘッダー ファイル\lib\imgui</Filter>
    </ClInclude>
    <ClInclude Include="lib\imgui\imgui_impl_opengl3.h">
      <Filter>ヘッダー ファイル\lib\imgui</Filter>
    </ClInclude>
    <ClInclude Include="lib\imgui\imgui_impl_opengl3_loader.h">
      <Filter>ヘッダー ファイル\lib\imgui</Filter>
    </ClInclude>
    <ClInclude Include="lib\imgui\imgui_internal.h">
      <Filter>ヘッダー ファイル\lib\imgui</Filter>
    </ClInclude>
    <ClInclude Include="lib\imgui\imstb_rectpack.h">
      <Filter>ヘッダー ファイル\lib\imgui</Filter>
    </ClInclude>
    <ClInclude Include="lib\imgui\imstb_textedit.h">
      <Filter>ヘッダー ファイル\lib\imgui</Filter>
    </ClInclude>
    <ClInclude Include="lib\imgui\imstb_truetype.h">
      <Filter>ヘッダー ファイル\lib\imgui</Filter>
    </ClInclude>
    <ClInclude Include="src\yougine\Editor\HierarchyWindow.h">
      <Filter>ヘッダー ファイル\src\yougine\Editor</Filter>
    </ClInclude>
    <ClInclude Include="src\yougine\Editor\EditorWindow.h">
      <Filter>ヘッダー ファイル\src\yougine\Editor</Filter>
    </ClInclude>
    <ClInclude Include="src\yougine\Editor\EditorWindowsManager.h">
      <Filter>ヘッダー ファイル\src\yougine\Editor</Filter>
    </ClInclude>
    <ClInclude Include="src\yougine\components\TransformComponent.h">
      <Filter>ヘッダー ファイル\src\yougine\components</Filter>
    </ClInclude>
    <ClInclude Include="src\yougine\InputManager.h">
      <Filter>ヘッダー ファイル\src\yougine</Filter>
    </ClInclude>
    <ClInclude Include="src\yougine\components\TransformComponent.h">
      <Filter>ヘッダー ファイル\src\yougine\components</Filter>
    </ClInclude>
    <ClInclude Include="src\yougine\components\RenderComponent.h">
      <Filter>ヘッダー ファイル\src\yougine\components</Filter>
    </ClInclude>
    <ClInclude Include="src\yougine\managers\RenderManager.h">
      <Filter>ヘッダー ファイル\src\yougine\managers</Filter>
    </ClInclude>
    <ClInclude Include="src\yougine\Editor\SceneWindow.h">
      <Filter>ヘッダー ファイル\src\yougine\Editor</Filter>
    </ClInclude>
    <ClInclude Include="src\yougine\Editor\InspectorWindow.h">
      <Filter>ヘッダー ファイル</Filter>
    </ClInclude>
    <ClInclude Include="src\yougine\Layer.h">
      <Filter>ヘッダー ファイル</Filter>
    </ClInclude>
    <ClInclude Include="src\yougine\Editor\SelectionInfo.h">
      <Filter>ヘッダー ファイル</Filter>
    </ClInclude>
    <ClInclude Include="src\yougine\Editor\ComponentViewer.h">
      <Filter>ヘッダー ファイル</Filter>
    </ClInclude>
    <ClInclude Include="src\yougine\Editor\ComponentsIncluder.h">
      <Filter>ヘッダー ファイル</Filter>
    </ClInclude>
    <ClInclude Include="src\yougine\utilitys\YougineMath.h">
      <Filter>ヘッダー ファイル</Filter>
    </ClInclude>
    <ClInclude Include="src\yougine\managers\GameManager.h">
      <Filter>ヘッダー ファイル</Filter>
    </ClInclude>
    <ClInclude Include="src\yougine\managers\IManager.h">
      <Filter>ヘッダー ファイル</Filter>
    </ClInclude>
    <ClInclude Include="src\yougine\Editor\ProjectWindows\ProjectWindow.h">
      <Filter>ヘッダー ファイル</Filter>
    </ClInclude>
    <ClInclude Include="src\yougine\Projects\Project.h">
      <Filter>ヘッダー ファイル</Filter>
    </ClInclude>
    <ClInclude Include="src\yougine\components\RigidBodyComponent.h">
      <Filter>ヘッダー ファイル\src\yougine\components</Filter>
    </ClInclude>
    <ClInclude Include="src\yougine\managers\RigidBodyManager.h">
      <Filter>ヘッダー ファイル\src\yougine\managers</Filter>
    </ClInclude>
    <ClInclude Include="lib\imgui\imconfig.h" />
    <ClInclude Include="lib\imgui\imgui.h" />
    <ClInclude Include="lib\imgui\imgui_impl_glfw.h" />
    <ClInclude Include="lib\imgui\imgui_impl_opengl3.h" />
    <ClInclude Include="lib\imgui\imgui_impl_opengl3_loader.h" />
    <ClInclude Include="lib\imgui\imgui_internal.h" />
    <ClInclude Include="lib\imgui\imstb_rectpack.h" />
    <ClInclude Include="lib\imgui\imstb_textedit.h" />
    <ClInclude Include="lib\imgui\imstb_truetype.h" />
    <ClInclude Include="src\yougine\components\DebugComponent.h" />
    <ClInclude Include="src\yougine\Projects\Project.h" />
    <ClInclude Include="src\yougine\Editor\ComponentsIncluder.h" />
    <ClInclude Include="src\yougine\Editor\ComponentViewer.h" />
    <ClInclude Include="src\yougine\Editor\InspectorWindow.h" />
    <ClInclude Include="src\yougine\Editor\ProjectWindows\ProjectWindow.h" />
    <ClInclude Include="src\yougine\Editor\SceneWindow.h" />
    <ClInclude Include="src\yougine\components\RenderComponent.h" />
    <ClInclude Include="src\yougine\Editor\SelectionInfo.h" />
    <ClInclude Include="src\yougine\Layer.h" />
    <ClInclude Include="src\yougine\managers\GameManager.h" />
    <ClInclude Include="src\yougine\managers\IManager.h" />
    <ClInclude Include="src\yougine\managers\RenderManager.h" />
    <ClInclude Include="src\yougine\components\Component.h" />
    <ClInclude Include="src\yougine\Editor\EditorWindow.h" />
    <ClInclude Include="src\yougine\Editor\EditorWindowsManager.h" />
    <ClInclude Include="src\yougine\Editor\HierarchyWindow.h" />
    <ClInclude Include="src\yougine\InputManager.h" />
    <ClInclude Include="src\yougine\managers\ComponentList.h" />
    <ClInclude Include="src\yougine\managers\ComponentName.h" />
    <ClInclude Include="src\yougine\managers\CustomScriptManager.h" />
    <ClInclude Include="src\yougine\GameObject.h" />
    <ClInclude Include="src\yougine\Scene.h" />
    <ClInclude Include="src\yougine\components\TransformComponent.h" />
    <ClInclude Include="src\yougine\SceneFiles\SceneFileExporter.h" />
    <ClInclude Include="src\yougine\utilitys\YougineMath.h" />
    <ClInclude Include="src\yougine\component_factory\ComponentFactory.h" />
    <ClInclude Include="lib\imgui\imconfig.h" />
    <ClInclude Include="lib\imgui\imgui.h" />
    <ClInclude Include="lib\imgui\imgui_impl_glfw.h" />
    <ClInclude Include="lib\imgui\imgui_impl_opengl3.h" />
    <ClInclude Include="lib\imgui\imgui_impl_opengl3_loader.h" />
    <ClInclude Include="lib\imgui\imgui_internal.h" />
    <ClInclude Include="lib\imgui\imstb_rectpack.h" />
    <ClInclude Include="lib\imgui\imstb_textedit.h" />
    <ClInclude Include="lib\imgui\imstb_truetype.h" />
    <ClInclude Include="src\yougine\components\DebugComponent.h" />
    <ClInclude Include="src\yougine\Projects\Project.h" />
    <ClInclude Include="src\yougine\Editor\ComponentsIncluder.h" />
    <ClInclude Include="src\yougine\Editor\ComponentViewer.h" />
    <ClInclude Include="src\yougine\Editor\InspectorWindow.h" />
    <ClInclude Include="src\yougine\Editor\ProjectWindows\ProjectWindow.h" />
    <ClInclude Include="src\yougine\Editor\SceneWindow.h" />
    <ClInclude Include="src\yougine\components\RenderComponent.h" />
    <ClInclude Include="src\yougine\Editor\SelectionInfo.h" />
    <ClInclude Include="src\yougine\Layer.h" />
    <ClInclude Include="src\yougine\managers\GameManager.h" />
    <ClInclude Include="src\yougine\managers\IManager.h" />
    <ClInclude Include="src\yougine\managers\RenderManager.h" />
    <ClInclude Include="src\yougine\components\Component.h" />
    <ClInclude Include="src\yougine\Editor\EditorWindow.h" />
    <ClInclude Include="src\yougine\Editor\EditorWindowsManager.h" />
    <ClInclude Include="src\yougine\Editor\HierarchyWindow.h" />
    <ClInclude Include="src\yougine\InputManager.h" />
    <ClInclude Include="src\yougine\managers\ComponentList.h" />
    <ClInclude Include="src\yougine\managers\ComponentName.h" />
    <ClInclude Include="src\yougine\managers\CustomScriptManager.h" />
    <ClInclude Include="src\yougine\GameObject.h" />
    <ClInclude Include="src\yougine\Scene.h" />
    <ClInclude Include="src\yougine\components\TransformComponent.h" />
    <ClInclude Include="src\yougine\utilitys\YougineMath.h" />
    <ClInclude Include="src\yougine\SceneFiles\SceneLoader.h" />
    <ClInclude Include="src\yougine\BuildScript\Builder.h" />
    <ClInclude Include="src\yougine\Editor\MenuBar.h" />
    <ClInclude Include="lib\imnodes\imnodes.h" />
    <ClInclude Include="lib\imnodes\imnodes_internal.h" />
  </ItemGroup>
  <ItemGroup>
    <None Include="src\yougine\test.frag" />
    <None Include="src\yougine\test.vert" />
  </ItemGroup>
  <ItemGroup>
    <Text Include="CMakeLists.txt" />
  </ItemGroup>
</Project>